
Microsoft Visual Studio Solution File, Format Version 12.00
# Visual Studio 15
VisualStudioVersion = 15.0.28307.1300
MinimumVisualStudioVersion = 10.0.40219.1
Project("{8BC9CEB8-8B4A-11D0-8D11-00A0C91BC942}") = "21-2-2", "21-2-2\21-2-2.vcxproj", "{BA583DE6-0E85-4B71-8E68-56B703A88F70}"
EndProject
Global
	GlobalSection(SolutionConfigurationPlatforms) = preSolution
		Debug|x64 = Debug|x64
		Debug|x86 = Debug|x86
		Release|x64 = Release|x64
		Release|x86 = Release|x86
	EndGlobalSection
	GlobalSection(ProjectConfigurationPlatforms) = postSolution
		{BA583DE6-0E85-4B71-8E68-56B703A88F70}.Debug|x64.ActiveCfg = Debug|x64
		{BA583DE6-0E85-4B71-8E68-56B703A88F70}.Debug|x64.Build.0 = Debug|x64
		{BA583DE6-0E85-4B71-8E68-56B703A88F70}.Debug|x86.ActiveCfg = Debug|Win32
		{BA583DE6-0E85-4B71-8E68-56B703A88F70}.Debug|x86.Build.0 = Debug|Win32
		{BA583DE6-0E85-4B71-8E68-56B703A88F70}.Release|x64.ActiveCfg = Release|x64
		{BA583DE6-0E85-4B71-8E68-56B703A88F70}.Release|x64.Build.0 = Release|x64
		{BA583DE6-0E85-4B71-8E68-56B703A88F70}.Release|x86.ActiveCfg = Release|Win32
		{BA583DE6-0E85-4B71-8E68-56B703A88F70}.Release|x86.Build.0 = Release|Win32
	EndGlobalSection
	GlobalSection(SolutionProperties) = preSolution
		HideSolutionNode = FALSE
	EndGlobalSection
	GlobalSection(ExtensibilityGlobals) = postSolution
		SolutionGuid = {54E01331-0818-45C0-AFE8-68C5079A30E0}
	EndGlobalSection
EndGlobal
